{
  "name": "cubersmegasurvey",
  "version": "1.0.0",
  "lockfileVersion": 1,
  "requires": true,
  "dependencies": {
    "@next/env": {
      "version": "13.0.2",
      "resolved": "https://registry.npmjs.org/@next/env/-/env-13.0.2.tgz",
      "integrity": "sha512-Qb6WPuRriGIQ19qd6NBxpcrFOfj8ziN7l9eZUfwff5gl4zLXluqtuZPddYZM/oWjN53ZYcuRXzL+oowKyJeYtA=="
    },
    "@next/swc-android-arm-eabi": {
      "version": "13.0.2",
      "resolved": "https://registry.npmjs.org/@next/swc-android-arm-eabi/-/swc-android-arm-eabi-13.0.2.tgz",
      "integrity": "sha512-X54UQCTFyOGnJP//Z71dPPlp4BCYcQL2ncikKXQcPzVpqPs4C3m+tKC8ivBNH6edAXkppwsLRz1/yQwgSZ9Swg==",
      "optional": true
    },
    "@next/swc-android-arm64": {
      "version": "13.0.2",
      "resolved": "https://registry.npmjs.org/@next/swc-android-arm64/-/swc-android-arm64-13.0.2.tgz",
      "integrity": "sha512-1P00Kv8uKaLubqo7JzPrTqgFAzSOmfb8iwqJrOb9in5IvTRtNGlkR4hU0sXzqbQNM/+SaYxze6Z5ry1IDyb/cQ==",
      "optional": true
    },
    "@next/swc-darwin-arm64": {
      "version": "13.0.2",
      "resolved": "https://registry.npmjs.org/@next/swc-darwin-arm64/-/swc-darwin-arm64-13.0.2.tgz",
      "integrity": "sha512-1zGIOkInkOLRv0QQGZ+3wffYsyKI4vIy62LYTvDWUn7TAYqnmXwougp9NSLqDeagLwgsv2URrykyAFixA/YqxA==",
      "optional": true
    },
    "@next/swc-darwin-x64": {
      "version": "13.0.2",
      "resolved": "https://registry.npmjs.org/@next/swc-darwin-x64/-/swc-darwin-x64-13.0.2.tgz",
      "integrity": "sha512-ECDAjoMP1Y90cARaelS6X+k6BQx+MikAYJ8f/eaJrLur44NIOYc9HA/dgcTp5jenguY4yT8V+HCquLjAVle6fA==",
      "optional": true
    },
    "@next/swc-freebsd-x64": {
      "version": "13.0.2",
      "resolved": "https://registry.npmjs.org/@next/swc-freebsd-x64/-/swc-freebsd-x64-13.0.2.tgz",
      "integrity": "sha512-2DcL/ofQdBnQX3IoI9sjlIAyLCD1oZoUBuhrhWbejvBQjutWrI0JTEv9uG69WcxWhVMm3BCsjv8GK2/68OKp7A==",
      "optional": true
    },
    "@next/swc-linux-arm-gnueabihf": {
      "version": "13.0.2",
      "resolved": "https://registry.npmjs.org/@next/swc-linux-arm-gnueabihf/-/swc-linux-arm-gnueabihf-13.0.2.tgz",
      "integrity": "sha512-Y3OQF1CSBSWW2vGkmvOIuOUNqOq8qX7f1ZpcKUVWP3/Uq++DZmVi9d18lgnSe1I3QFqc+nXWyun9ljsN83j0sw==",
      "optional": true
    },
    "@next/swc-linux-arm64-gnu": {
      "version": "13.0.2",
      "resolved": "https://registry.npmjs.org/@next/swc-linux-arm64-gnu/-/swc-linux-arm64-gnu-13.0.2.tgz",
      "integrity": "sha512-mNyzwsFF6kwZYEjnGicx9ksDZYEZvyzEc1BtCu8vdZi/v8UeixQwCiAT6FyYX9uxMPEkzk8qiU0t0u9gvltsKw==",
      "optional": true
    },
    "@next/swc-linux-arm64-musl": {
      "version": "13.0.2",
      "resolved": "https://registry.npmjs.org/@next/swc-linux-arm64-musl/-/swc-linux-arm64-musl-13.0.2.tgz",
      "integrity": "sha512-M6SdYjWgRrY3tJBxz0663zCRPTu5BRONmxlftKWWHv9LjAJ59neTLaGj4rp0A08DkJglZIoCkLOzLrzST6TGag==",
      "optional": true
    },
    "@next/swc-linux-x64-gnu": {
      "version": "13.0.2",
      "resolved": "https://registry.npmjs.org/@next/swc-linux-x64-gnu/-/swc-linux-x64-gnu-13.0.2.tgz",
      "integrity": "sha512-pi63RoxvG4ES1KS06Zpm0MATVIXTs/TIbLbdckeLoM40u1d3mQl/+hSSrLRSxzc2OtyL8fh92sM4gkJrQXAMAw==",
      "optional": true
    },
    "@next/swc-linux-x64-musl": {
      "version": "13.0.2",
      "resolved": "https://registry.npmjs.org/@next/swc-linux-x64-musl/-/swc-linux-x64-musl-13.0.2.tgz",
      "integrity": "sha512-9Pv91gfYnDONgjtRm78n64b/c54+azeHtlnqBLTnIFWSMBDRl1/WDkhKWIj3fBGPLimtK7Tko3ULR3og9RRUPw==",
      "optional": true
    },
    "@next/swc-win32-arm64-msvc": {
      "version": "13.0.2",
      "resolved": "https://registry.npmjs.org/@next/swc-win32-arm64-msvc/-/swc-win32-arm64-msvc-13.0.2.tgz",
      "integrity": "sha512-Nvewe6YZaizAkGHHprbMkYqQulBjZCHKBGKeFPwoPtOA+a2Qi4pZzc/qXFyC5/2A6Z0mr2U1zg9rd04WBYMwBw==",
      "optional": true
    },
    "@next/swc-win32-ia32-msvc": {
      "version": "13.0.2",
      "resolved": "https://registry.npmjs.org/@next/swc-win32-ia32-msvc/-/swc-win32-ia32-msvc-13.0.2.tgz",
      "integrity": "sha512-ZUBYGZw5G3QrqDpRq1EWi3aHmvPZM8ijK5TFL6UbH16cYQ0JpANmuG2P66KB93Qe/lWWzbeAZk/tj1XqwoCuPA==",
      "optional": true
    },
    "@next/swc-win32-x64-msvc": {
      "version": "13.0.2",
      "resolved": "https://registry.npmjs.org/@next/swc-win32-x64-msvc/-/swc-win32-x64-msvc-13.0.2.tgz",
      "integrity": "sha512-fA9uW1dm7C0mEYGcKlbmLcVm2sKcye+1kPxh2cM4jVR+kQQMtHWsjIzeSpe2grQLSDan06z4n6hbr8b1c3hA8w==",
      "optional": true
    },
    "@swc/helpers": {
      "version": "0.4.11",
      "resolved": "https://registry.npmjs.org/@swc/helpers/-/helpers-0.4.11.tgz",
      "integrity": "sha512-rEUrBSGIoSFuYxwBYtlUFMlE2CwGhmW+w9355/5oduSw8e5h2+Tj4UrAGNNgP9915++wj5vkQo0UuOBqOAq4nw==",
      "requires": {
        "tslib": "^2.4.0"
      }
    },
    "abort-controller": {
      "version": "3.0.0",
      "resolved": "https://registry.npmjs.org/abort-controller/-/abort-controller-3.0.0.tgz",
      "integrity": "sha512-h8lQ8tacZYnR3vNQTgibj+tODHI5/+l06Au2Pcriv/Gmet0eaj4TwWH41sO9wnHDiQsEj19q0drzdWdeAHtweg==",
      "requires": {
        "event-target-shim": "^5.0.0"
      }
    },
    "agent-base": {
      "version": "6.0.0",
      "resolved": "https://registry.npmjs.org/agent-base/-/agent-base-6.0.0.tgz",
      "integrity": "sha512-j1Q7cSCqN+AwrmDd+pzgqc0/NpC655x2bUf5ZjRIO77DcNBFmh+OgRNzF6OKdCC9RSCb19fGd99+bhXFdkRNqw==",
      "requires": {
        "debug": "4"
      }
    },
    "arrify": {
      "version": "2.0.1",
      "resolved": "https://registry.npmjs.org/arrify/-/arrify-2.0.1.tgz",
      "integrity": "sha512-3duEwti880xqi4eAMN8AyR4a0ByT90zoYdLlevfrvU43vb0YZwZVfxOgxWrLXXXpyugL0hNZc9G6BiB5B3nUug=="
    },
    "base64-js": {
      "version": "1.3.1",
      "resolved": "https://registry.npmjs.org/base64-js/-/base64-js-1.3.1.tgz",
      "integrity": "sha512-mLQ4i2QO1ytvGWFWmcngKO//JXAQueZvwEKtjgQFM4jIK0kU+ytMfplL8j+n5mspOfjHwoAg+9yhb7BwAHm36g=="
    },
    "bignumber.js": {
      "version": "7.2.1",
      "resolved": "https://registry.npmjs.org/bignumber.js/-/bignumber.js-7.2.1.tgz",
      "integrity": "sha512-S4XzBk5sMB+Rcb/LNcpzXr57VRTxgAvaAEDAl1AwRx27j00hT84O6OkteE7u8UB3NuaaygCRrEpqox4uDOrbdQ=="
    },
    "buffer-equal-constant-time": {
      "version": "1.0.1",
      "resolved": "https://registry.npmjs.org/buffer-equal-constant-time/-/buffer-equal-constant-time-1.0.1.tgz",
      "integrity": "sha1-+OcRMvf/5uAaXJaXpMbz5I1cyBk="
    },
    "caniuse-lite": {
      "version": "1.0.30001431",
      "resolved": "https://registry.npmjs.org/caniuse-lite/-/caniuse-lite-1.0.30001431.tgz",
      "integrity": "sha512-zBUoFU0ZcxpvSt9IU66dXVT/3ctO1cy4y9cscs1szkPlcWb6pasYM144GqrUygUbT+k7cmUCW61cvskjcv0enQ=="
    },
    "client-only": {
      "version": "0.0.1",
      "resolved": "https://registry.npmjs.org/client-only/-/client-only-0.0.1.tgz",
      "integrity": "sha512-IV3Ou0jSMzZrd3pZ48nLkT9DA7Ag1pnPzaiQhpW7c3RbcqqzvzzVu+L8gfqMp/8IM2MQtSiqaCxrrcfu8I8rMA=="
    },
    "d3-array": {
      "version": "1.2.4",
      "resolved": "https://registry.npmjs.org/d3-array/-/d3-array-1.2.4.tgz",
      "integrity": "sha512-KHW6M86R+FUPYGb3R5XiYjXPq7VzwxZ22buHhAEVG5ztoEcZZMLov530mmccaqA1GghZArjQV46fuc8kUqhhHw=="
    },
    "d3-collection": {
      "version": "1.0.7",
      "resolved": "https://registry.npmjs.org/d3-collection/-/d3-collection-1.0.7.tgz",
      "integrity": "sha512-ii0/r5f4sjKNTfh84Di+DpztYwqKhEyUlKoPrzUFfeSkWxjW49xU2QzO9qrPrNkpdI0XJkfzvmTu8V2Zylln6A=="
    },
    "d3-color": {
      "version": "1.4.1",
      "resolved": "https://registry.npmjs.org/d3-color/-/d3-color-1.4.1.tgz",
      "integrity": "sha512-p2sTHSLCJI2QKunbGb7ocOh7DgTAn8IrLx21QRc/BSnodXM4sv6aLQlnfpvehFMLZEfBc6g9pH9SWQccFYfJ9Q=="
    },
    "d3-ease": {
      "version": "1.0.6",
      "resolved": "https://registry.npmjs.org/d3-ease/-/d3-ease-1.0.6.tgz",
      "integrity": "sha512-SZ/lVU7LRXafqp7XtIcBdxnWl8yyLpgOmzAk0mWBI9gXNzLDx5ybZgnRbH9dN/yY5tzVBqCQ9avltSnqVwessQ=="
    },
    "d3-format": {
      "version": "1.4.4",
      "resolved": "https://registry.npmjs.org/d3-format/-/d3-format-1.4.4.tgz",
      "integrity": "sha512-TWks25e7t8/cqctxCmxpUuzZN11QxIA7YrMbram94zMQ0PXjE4LVIMe/f6a4+xxL8HQ3OsAFULOINQi1pE62Aw=="
    },
    "d3-interpolate": {
      "version": "1.4.0",
      "resolved": "https://registry.npmjs.org/d3-interpolate/-/d3-interpolate-1.4.0.tgz",
      "integrity": "sha512-V9znK0zc3jOPV4VD2zZn0sDhZU3WAE2bmlxdIwwQPPzPjvyLkd8B3JUVdS1IDUFDkWZ72c9qnv1GK2ZagTZ8EA==",
      "requires": {
        "d3-color": "1"
      }
    },
    "d3-path": {
      "version": "1.0.9",
      "resolved": "https://registry.npmjs.org/d3-path/-/d3-path-1.0.9.tgz",
      "integrity": "sha512-VLaYcn81dtHVTjEHd8B+pbe9yHWpXKZUC87PzoFmsFrJqgFwDe/qxfp5MlfsfM1V5E/iVt0MmEbWQ7FVIXh/bg=="
    },
    "d3-scale": {
      "version": "1.0.7",
      "resolved": "https://registry.npmjs.org/d3-scale/-/d3-scale-1.0.7.tgz",
      "integrity": "sha512-KvU92czp2/qse5tUfGms6Kjig0AhHOwkzXG0+PqIJB3ke0WUv088AHMZI0OssO9NCkXt4RP8yju9rpH8aGB7Lw==",
      "requires": {
        "d3-array": "^1.2.0",
        "d3-collection": "1",
        "d3-color": "1",
        "d3-format": "1",
        "d3-interpolate": "1",
        "d3-time": "1",
        "d3-time-format": "2"
      }
    },
    "d3-shape": {
      "version": "1.3.7",
      "resolved": "https://registry.npmjs.org/d3-shape/-/d3-shape-1.3.7.tgz",
      "integrity": "sha512-EUkvKjqPFUAZyOlhY5gzCxCeI0Aep04LwIRpsZ/mLFelJiUfnK56jo5JMDSE7yyP2kLSb6LtF+S5chMk7uqPqw==",
      "requires": {
        "d3-path": "1"
      }
    },
    "d3-time": {
      "version": "1.1.0",
      "resolved": "https://registry.npmjs.org/d3-time/-/d3-time-1.1.0.tgz",
      "integrity": "sha512-Xh0isrZ5rPYYdqhAVk8VLnMEidhz5aP7htAADH6MfzgmmicPkTo8LhkLxci61/lCB7n7UmE3bN0leRt+qvkLxA=="
    },
    "d3-time-format": {
      "version": "2.2.3",
      "resolved": "https://registry.npmjs.org/d3-time-format/-/d3-time-format-2.2.3.tgz",
      "integrity": "sha512-RAHNnD8+XvC4Zc4d2A56Uw0yJoM7bsvOlJR33bclxq399Rak/b9bhvu/InjxdWhPtkgU53JJcleJTGkNRnN6IA==",
      "requires": {
        "d3-time": "1"
      }
    },
    "d3-timer": {
      "version": "1.0.10",
      "resolved": "https://registry.npmjs.org/d3-timer/-/d3-timer-1.0.10.tgz",
      "integrity": "sha512-B1JDm0XDaQC+uvo4DT79H0XmBskgS3l6Ve+1SBCfxgmtIb1AVrPIoqd+nPSv+loMX8szQ0sVUhGngL7D5QPiXw=="
    },
    "d3-voronoi": {
      "version": "1.1.4",
      "resolved": "https://registry.npmjs.org/d3-voronoi/-/d3-voronoi-1.1.4.tgz",
      "integrity": "sha512-dArJ32hchFsrQ8uMiTBLq256MpnZjeuBtdHpaDlYuQyjU0CVzCJl/BVW+SkszaAeH95D/8gxqAhgx0ouAWAfRg=="
    },
    "debug": {
      "version": "4.1.1",
      "resolved": "https://registry.npmjs.org/debug/-/debug-4.1.1.tgz",
      "integrity": "sha512-pYAIzeRo8J6KPEaJ0VWOh5Pzkbw/RetuzehGM7QRRX5he4fPHx2rdKMB256ehJCkX+XRQm16eZLqLNS8RSZXZw==",
      "requires": {
        "ms": "^2.1.1"
      }
    },
    "delaunator": {
      "version": "4.0.1",
      "resolved": "https://registry.npmjs.org/delaunator/-/delaunator-4.0.1.tgz",
      "integrity": "sha512-WNPWi1IRKZfCt/qIDMfERkDp93+iZEmOxN2yy4Jg+Xhv8SLk2UTqqbe1sfiipn0and9QrE914/ihdx82Y/Giag=="
    },
    "delaunay-find": {
      "version": "0.0.5",
      "resolved": "https://registry.npmjs.org/delaunay-find/-/delaunay-find-0.0.5.tgz",
      "integrity": "sha512-7yAJ/wmKWj3SgqjtkGqT/RCwI0HWAo5YnHMoF5nYXD8cdci+YSo23iPmgrZUNOpDxRWN91PqxUvMMr2lKpjr+w==",
      "requires": {
        "delaunator": "^4.0.0"
      }
    },
    "ecdsa-sig-formatter": {
      "version": "1.0.11",
      "resolved": "https://registry.npmjs.org/ecdsa-sig-formatter/-/ecdsa-sig-formatter-1.0.11.tgz",
      "integrity": "sha512-nagl3RYrbNv6kQkeJIpt6NJZy8twLB/2vtz6yN9Z4vRKHN4/QZJIEbqohALSgwKdnksuY3k5Addp5lg8sVoVcQ==",
      "requires": {
        "safe-buffer": "^5.0.1"
      }
    },
    "event-target-shim": {
      "version": "5.0.1",
      "resolved": "https://registry.npmjs.org/event-target-shim/-/event-target-shim-5.0.1.tgz",
      "integrity": "sha512-i/2XbnSz/uxRCU6+NdVJgKWDTM427+MqYbkQzD321DuCQJUqOuJKIA0IM2+W2xtYHdKOmZ4dR6fExsd4SXL+WQ=="
    },
    "extend": {
      "version": "3.0.2",
      "resolved": "https://registry.npmjs.org/extend/-/extend-3.0.2.tgz",
      "integrity": "sha512-fjquC59cD7CyW6urNXK0FBufkZcoiGG80wTuPujX590cB5Ttln20E2UB4S/WARVqhXffZl2LNgS+gQdPIIim/g=="
    },
    "fast-text-encoding": {
      "version": "1.0.2",
      "resolved": "https://registry.npmjs.org/fast-text-encoding/-/fast-text-encoding-1.0.2.tgz",
      "integrity": "sha512-5rQdinSsycpzvAoHga2EDn+LRX1d5xLFsuNG0Kg61JrAT/tASXcLL0nf/33v+sAxlQcfYmWbTURa1mmAf55jGw=="
    },
    "gaxios": {
      "version": "3.0.3",
      "resolved": "https://registry.npmjs.org/gaxios/-/gaxios-3.0.3.tgz",
      "integrity": "sha512-PkzQludeIFhd535/yucALT/Wxyj/y2zLyrMwPcJmnLHDugmV49NvAi/vb+VUq/eWztATZCNcb8ue+ywPG+oLuw==",
      "requires": {
        "abort-controller": "^3.0.0",
        "extend": "^3.0.2",
        "https-proxy-agent": "^5.0.0",
        "is-stream": "^2.0.0",
        "node-fetch": "^2.3.0"
      }
    },
    "gcp-metadata": {
      "version": "4.1.0",
      "resolved": "https://registry.npmjs.org/gcp-metadata/-/gcp-metadata-4.1.0.tgz",
      "integrity": "sha512-r57SV28+olVsflPlKyVig3Muo/VDlcsObMtvDGOEtEJXj+DDE8bEl0coIkXh//hbkSDTvo+f5lbihZOndYXQQQ==",
      "requires": {
        "gaxios": "^3.0.0",
        "json-bigint": "^0.3.0"
      }
    },
    "google-auth-library": {
      "version": "6.0.0",
      "resolved": "https://registry.npmjs.org/google-auth-library/-/google-auth-library-6.0.0.tgz",
      "integrity": "sha512-uLydy1t6SHN/EvYUJrtN3GCHFrnJ0c8HJjOxXiGjoTuYHIoCUT3jVxnzmjHwVnSdkfE9Akasm2rM6qG1COTXfQ==",
      "requires": {
        "arrify": "^2.0.0",
        "base64-js": "^1.3.0",
        "ecdsa-sig-formatter": "^1.0.11",
        "fast-text-encoding": "^1.0.0",
        "gaxios": "^3.0.0",
        "gcp-metadata": "^4.0.0",
        "gtoken": "^5.0.0",
        "jws": "^4.0.0",
        "lru-cache": "^5.0.0"
      }
    },
    "google-p12-pem": {
      "version": "3.0.1",
      "resolved": "https://registry.npmjs.org/google-p12-pem/-/google-p12-pem-3.0.1.tgz",
      "integrity": "sha512-VlQgtozgNVVVcYTXS36eQz4PXPt9gIPqLOhHN0QiV6W6h4qSCNVKPtKC5INtJsaHHF2r7+nOIa26MJeJMTaZEQ==",
      "requires": {
        "node-forge": "^0.9.0"
      }
    },
    "googleapis": {
      "version": "51.0.0",
      "resolved": "https://registry.npmjs.org/googleapis/-/googleapis-51.0.0.tgz",
      "integrity": "sha512-ZicnODSX5apolF05lNXc3AHW/zazeaWL8zSiQ7a/Bd4pfHU+TJzX7GP38phjyOVPzIG3qnrJ0SMASJgljlFZlQ==",
      "requires": {
        "google-auth-library": "^6.0.0",
        "googleapis-common": "^4.1.0"
      }
    },
    "googleapis-common": {
      "version": "4.1.1",
      "resolved": "https://registry.npmjs.org/googleapis-common/-/googleapis-common-4.1.1.tgz",
      "integrity": "sha512-Br3EPgm1f7Zb/Vi8R+1Jc5jjhaFZMgQpvGaGAKcBq81BAi7m8NCHBaaR0XF3p4RbMjA4Wiz1RkPD0A8/5aP+xw==",
      "requires": {
        "extend": "^3.0.2",
        "gaxios": "^3.0.0",
        "google-auth-library": "^6.0.0",
        "qs": "^6.7.0",
        "url-template": "^2.0.8",
        "uuid": "^8.0.0"
      }
    },
    "gtoken": {
      "version": "5.0.1",
      "resolved": "https://registry.npmjs.org/gtoken/-/gtoken-5.0.1.tgz",
      "integrity": "sha512-33w4FNDkUcyIOq/TqyC+drnKdI4PdXmWp9lZzssyEQKuvu9ZFN3KttaSnDKo52U3E51oujVGop93mKxmqO8HHg==",
      "requires": {
        "gaxios": "^3.0.0",
        "google-p12-pem": "^3.0.0",
        "jws": "^4.0.0",
        "mime": "^2.2.0"
      }
    },
    "https-proxy-agent": {
      "version": "5.0.0",
      "resolved": "https://registry.npmjs.org/https-proxy-agent/-/https-proxy-agent-5.0.0.tgz",
      "integrity": "sha512-EkYm5BcKUGiduxzSt3Eppko+PiNWNEpa4ySk9vTC6wDsQJW9rHSa+UhGNJoRYp7bz6Ht1eaRIa6QaJqO5rCFbA==",
      "requires": {
        "agent-base": "6",
        "debug": "4"
      }
    },
    "is-stream": {
      "version": "2.0.0",
      "resolved": "https://registry.npmjs.org/is-stream/-/is-stream-2.0.0.tgz",
      "integrity": "sha512-XCoy+WlUr7d1+Z8GgSuXmpuUFC9fOhRXglJMx+dwLKTkL44Cjd4W1Z5P+BQZpr+cR93aGP4S/s7Ftw6Nd/kiEw=="
    },
    "isomorphic-unfetch": {
      "version": "3.0.0",
      "resolved": "https://registry.npmjs.org/isomorphic-unfetch/-/isomorphic-unfetch-3.0.0.tgz",
      "integrity": "sha512-V0tmJSYfkKokZ5mgl0cmfQMTb7MLHsBMngTkbLY0eXvKqiVRRoZP04Ly+KhKrJfKtzC9E6Pp15Jo+bwh7Vi2XQ==",
      "requires": {
        "node-fetch": "^2.2.0",
        "unfetch": "^4.0.0"
      }
    },
    "js-tokens": {
      "version": "4.0.0",
      "resolved": "https://registry.npmjs.org/js-tokens/-/js-tokens-4.0.0.tgz",
      "integrity": "sha512-RdJUflcE3cUzKiMqQgsCu06FPu9UdIJO0beYbPhHN4k6apgJtifcoCtT9bcxOpYBtpD2kCM6Sbzg4CausW/PKQ=="
    },
    "json-bigint": {
      "version": "0.3.0",
      "resolved": "https://registry.npmjs.org/json-bigint/-/json-bigint-0.3.0.tgz",
      "integrity": "sha1-DM2RLEuCcNBfBW+9E4FLU9OCWx4=",
      "requires": {
        "bignumber.js": "^7.0.0"
      }
    },
    "jwa": {
      "version": "2.0.0",
      "resolved": "https://registry.npmjs.org/jwa/-/jwa-2.0.0.tgz",
      "integrity": "sha512-jrZ2Qx916EA+fq9cEAeCROWPTfCwi1IVHqT2tapuqLEVVDKFDENFw1oL+MwrTvH6msKxsd1YTDVw6uKEcsrLEA==",
      "requires": {
        "buffer-equal-constant-time": "1.0.1",
        "ecdsa-sig-formatter": "1.0.11",
        "safe-buffer": "^5.0.1"
      }
    },
    "jws": {
      "version": "4.0.0",
      "resolved": "https://registry.npmjs.org/jws/-/jws-4.0.0.tgz",
      "integrity": "sha512-KDncfTmOZoOMTFG4mBlG0qUIOlc03fmzH+ru6RgYVZhPkyiy/92Owlt/8UEN+a4TXR1FQetfIpJE8ApdvdVxTg==",
      "requires": {
        "jwa": "^2.0.0",
        "safe-buffer": "^5.0.1"
      }
    },
    "lodash": {
      "version": "4.17.15",
      "resolved": "https://registry.npmjs.org/lodash/-/lodash-4.17.15.tgz",
      "integrity": "sha512-8xOcRHvCjnocdS5cpwXQXVzmmh5e5+saE2QGoeQmbKmRS6J3VQppPOIt0MnmE+4xlZoumy0GPG0D0MVIQbNA1A=="
    },
    "loose-envify": {
      "version": "1.4.0",
      "resolved": "https://registry.npmjs.org/loose-envify/-/loose-envify-1.4.0.tgz",
      "integrity": "sha512-lyuxPGr/Wfhrlem2CL/UcnUc1zcqKAImBDzukY7Y5F/yQiNdko6+fRLevlw1HgMySw7f611UIY408EtxRSoK3Q==",
      "requires": {
        "js-tokens": "^3.0.0 || ^4.0.0"
      }
    },
    "lru-cache": {
      "version": "5.1.1",
      "resolved": "https://registry.npmjs.org/lru-cache/-/lru-cache-5.1.1.tgz",
      "integrity": "sha512-KpNARQA3Iwv+jTA0utUVVbrh+Jlrr1Fv0e56GGzAFOXN7dk/FviaDW8LHmK52DlcH4WP2n6gI8vN1aesBFgo9w==",
      "requires": {
        "yallist": "^3.0.2"
      }
    },
    "mime": {
      "version": "2.4.5",
      "resolved": "https://registry.npmjs.org/mime/-/mime-2.4.5.tgz",
      "integrity": "sha512-3hQhEUF027BuxZjQA3s7rIv/7VCQPa27hN9u9g87sEkWaKwQPuXOkVKtOeiyUrnWqTDiOs8Ed2rwg733mB0R5w=="
    },
    "ms": {
      "version": "2.1.2",
      "resolved": "https://registry.npmjs.org/ms/-/ms-2.1.2.tgz",
      "integrity": "sha512-sGkPx+VjMtmA6MX27oA4FBFELFCZZ4S4XqeGOXCv68tT+jb3vk/RyaKWP0PTKyWtmLSM0b+adUTEvbs1PEaH2w=="
    },
    "nanoid": {
      "version": "3.3.4",
      "resolved": "https://registry.npmjs.org/nanoid/-/nanoid-3.3.4.tgz",
      "integrity": "sha512-MqBkQh/OHTS2egovRtLk45wEyNXwF+cokD+1YPf9u5VfJiRdAiRwB2froX5Co9Rh20xs4siNPm8naNotSD6RBw=="
    },
    "next": {
      "version": "13.0.2",
      "resolved": "https://registry.npmjs.org/next/-/next-13.0.2.tgz",
      "integrity": "sha512-uQ5z5e4D9mOe8+upy6bQdYYjo/kk1v3jMW87kTy2TgAyAsEO+CkwRnMgyZ4JoHEnhPZLHwh7dk0XymRNLe1gFw==",
      "requires": {
        "@next/env": "13.0.2",
        "@next/swc-android-arm-eabi": "13.0.2",
        "@next/swc-android-arm64": "13.0.2",
        "@next/swc-darwin-arm64": "13.0.2",
        "@next/swc-darwin-x64": "13.0.2",
        "@next/swc-freebsd-x64": "13.0.2",
        "@next/swc-linux-arm-gnueabihf": "13.0.2",
        "@next/swc-linux-arm64-gnu": "13.0.2",
        "@next/swc-linux-arm64-musl": "13.0.2",
        "@next/swc-linux-x64-gnu": "13.0.2",
        "@next/swc-linux-x64-musl": "13.0.2",
        "@next/swc-win32-arm64-msvc": "13.0.2",
        "@next/swc-win32-ia32-msvc": "13.0.2",
        "@next/swc-win32-x64-msvc": "13.0.2",
        "@swc/helpers": "0.4.11",
        "caniuse-lite": "^1.0.30001406",
        "postcss": "8.4.14",
        "styled-jsx": "5.1.0",
        "use-sync-external-store": "1.2.0"
      }
    },
    "node-fetch": {
      "version": "2.6.0",
      "resolved": "https://registry.npmjs.org/node-fetch/-/node-fetch-2.6.0.tgz",
      "integrity": "sha512-8dG4H5ujfvFiqDmVu9fQ5bOHUC15JMjMY/Zumv26oOvvVJjM67KF8koCWIabKQ1GJIa9r2mMZscBq/TbdOcmNA=="
    },
    "node-forge": {
      "version": "0.9.1",
      "resolved": "https://registry.npmjs.org/node-forge/-/node-forge-0.9.1.tgz",
      "integrity": "sha512-G6RlQt5Sb4GMBzXvhfkeFmbqR6MzhtnT7VTHuLadjkii3rdYHNdw0m8zA4BTxVIh68FicCQ2NSUANpsqkr9jvQ=="
    },
    "picocolors": {
      "version": "1.0.0",
      "resolved": "https://registry.npmjs.org/picocolors/-/picocolors-1.0.0.tgz",
      "integrity": "sha512-1fygroTLlHu66zi26VoTDv8yRgm0Fccecssto+MhsZ0D/DGW2sm8E8AjW7NU5VVTRt5GxbeZ5qBuJr+HyLYkjQ=="
    },
    "postcss": {
      "version": "8.4.14",
      "resolved": "https://registry.npmjs.org/postcss/-/postcss-8.4.14.tgz",
      "integrity": "sha512-E398TUmfAYFPBSdzgeieK2Y1+1cpdxJx8yXbK/m57nRhKSmk1GB2tO4lbLBtlkfPQTDKfe4Xqv1ASWPpayPEig==",
      "requires": {
        "nanoid": "^3.3.4",
        "picocolors": "^1.0.0",
        "source-map-js": "^1.0.2"
      }
    },
    "prop-types": {
      "version": "15.7.2",
      "resolved": "https://registry.npmjs.org/prop-types/-/prop-types-15.7.2.tgz",
      "integrity": "sha512-8QQikdH7//R2vurIJSutZ1smHYTcLpRWEOlHnzcWHmBYrOGUysKwSsrC89BCiFj3CbrfJ/nXFdJepOVrY1GCHQ==",
      "requires": {
        "loose-envify": "^1.4.0",
        "object-assign": "^4.1.1",
        "react-is": "^16.8.1"
      },
      "dependencies": {
        "object-assign": {
          "version": "4.1.1",
          "resolved": "https://registry.npmjs.org/object-assign/-/object-assign-4.1.1.tgz",
          "integrity": "sha1-IQmtx5ZYh8/AXLvUQsrIv7s2CGM="
        }
      }
    },
    "qs": {
      "version": "6.9.4",
      "resolved": "https://registry.npmjs.org/qs/-/qs-6.9.4.tgz",
      "integrity": "sha512-A1kFqHekCTM7cz0udomYUoYNWjBebHm/5wzU/XqrBRBNWectVH0QIiN+NEcZ0Dte5hvzHwbr8+XQmguPhJ6WdQ=="
    },
    "react": {
      "version": "16.13.1",
      "resolved": "https://registry.npmjs.org/react/-/react-16.13.1.tgz",
      "integrity": "sha512-YMZQQq32xHLX0bz5Mnibv1/LHb3Sqzngu7xstSM+vrkE5Kzr9xE0yMByK5kMoTK30YVJE61WfbxIFFvfeDKT1w==",
      "requires": {
        "loose-envify": "^1.1.0",
        "object-assign": "^4.1.1",
        "prop-types": "^15.6.2"
      },
      "dependencies": {
        "object-assign": {
          "version": "4.1.1",
          "resolved": "https://registry.npmjs.org/object-assign/-/object-assign-4.1.1.tgz",
          "integrity": "sha1-IQmtx5ZYh8/AXLvUQsrIv7s2CGM="
        }
      }
    },
    "react-dom": {
      "version": "16.13.1",
      "resolved": "https://registry.npmjs.org/react-dom/-/react-dom-16.13.1.tgz",
      "integrity": "sha512-81PIMmVLnCNLO/fFOQxdQkvEq/+Hfpv24XNJfpyZhTRfO0QcmQIF/PgCa1zCOj2w1hrn12MFLyaJ/G0+Mxtfag==",
      "requires": {
        "loose-envify": "^1.1.0",
        "object-assign": "^4.1.1",
        "prop-types": "^15.6.2",
        "scheduler": "^0.19.1"
      },
      "dependencies": {
        "object-assign": {
          "version": "4.1.1",
          "resolved": "https://registry.npmjs.org/object-assign/-/object-assign-4.1.1.tgz",
          "integrity": "sha1-IQmtx5ZYh8/AXLvUQsrIv7s2CGM="
        }
      }
    },
    "react-fast-compare": {
      "version": "2.0.4",
      "resolved": "https://registry.npmjs.org/react-fast-compare/-/react-fast-compare-2.0.4.tgz",
      "integrity": "sha512-suNP+J1VU1MWFKcyt7RtjiSWUjvidmQSlqu+eHslq+342xCbGTYmC0mEhPCOHxlW0CywylOC1u2DFAT+bv4dBw=="
    },
    "react-is": {
      "version": "16.13.1",
      "resolved": "https://registry.npmjs.org/react-is/-/react-is-16.13.1.tgz",
      "integrity": "sha512-24e6ynE2H+OKt4kqsOvNd8kBpV65zoxbA4BVsEOB3ARVWQki/DHzaUoC5KuON/BiccDaCCTZBuOcfZs70kR8bQ=="
    },
    "safe-buffer": {
      "version": "5.2.1",
      "resolved": "https://registry.npmjs.org/safe-buffer/-/safe-buffer-5.2.1.tgz",
      "integrity": "sha512-rp3So07KcdmmKbGvgaNxQSJr7bGVSVk5S9Eq1F+ppbRo70+YeaDxkw5Dd8NPN+GD6bjnYm2VuPuCXmpuYvmCXQ=="
    },
    "scheduler": {
      "version": "0.19.1",
      "resolved": "https://registry.npmjs.org/scheduler/-/scheduler-0.19.1.tgz",
      "integrity": "sha512-n/zwRWRYSUj0/3g/otKDRPMh6qv2SYMWNq85IEa8iZyAv8od9zDYpGSnpBEjNgcMNq6Scbu5KfIPxNF72R/2EA==",
      "requires": {
        "loose-envify": "^1.1.0",
        "object-assign": "^4.1.1"
      },
      "dependencies": {
        "object-assign": {
          "version": "4.1.1",
          "resolved": "https://registry.npmjs.org/object-assign/-/object-assign-4.1.1.tgz",
          "integrity": "sha1-IQmtx5ZYh8/AXLvUQsrIv7s2CGM="
        }
      }
    },
    "source-map-js": {
      "version": "1.0.2",
      "resolved": "https://registry.npmjs.org/source-map-js/-/source-map-js-1.0.2.tgz",
      "integrity": "sha512-R0XvVJ9WusLiqTCEiGCmICCMplcCkIwwR11mOSD9CR5u+IXYdiseeEuXCVAjS54zqwkLcPNnmU4OeJ6tUrWhDw=="
    },
    "styled-jsx": {
      "version": "5.1.0",
      "resolved": "https://registry.npmjs.org/styled-jsx/-/styled-jsx-5.1.0.tgz",
      "integrity": "sha512-/iHaRJt9U7T+5tp6TRelLnqBqiaIT0HsO0+vgyj8hK2KUk7aejFqRrumqPUlAqDwAj8IbS/1hk3IhBAAK/FCUQ==",
      "requires": {
        "client-only": "0.0.1"
      }
    },
    "swr": {
      "version": "0.2.0",
      "resolved": "https://registry.npmjs.org/swr/-/swr-0.2.0.tgz",
      "integrity": "sha512-8IZCdM0deUPhDiqOmyaj0BsnNjav1fu83nD0d07PEAzOHOn+lxcJOxwXeDBShwF6qCeZ8u8ab+a2yXkjD8yT3A==",
      "requires": {
        "fast-deep-equal": "2.0.1"
      },
      "dependencies": {
        "fast-deep-equal": {
          "version": "2.0.1",
          "resolved": "https://registry.npmjs.org/fast-deep-equal/-/fast-deep-equal-2.0.1.tgz",
          "integrity": "sha1-ewUhjd+WZ79/Nwv3/bLLFf3Qqkk="
        }
      }
    },
    "tslib": {
      "version": "2.4.1",
      "resolved": "https://registry.npmjs.org/tslib/-/tslib-2.4.1.tgz",
      "integrity": "sha512-tGyy4dAjRIEwI7BzsB0lynWgOpfqjUdq91XXAlIWD2OwKBH7oCl/GZG/HT4BOHrTlPMOASlMQ7veyTqpmRcrNA=="
    },
    "unfetch": {
      "version": "4.1.0",
      "resolved": "https://registry.npmjs.org/unfetch/-/unfetch-4.1.0.tgz",
      "integrity": "sha512-crP/n3eAPUJxZXM9T80/yv0YhkTEx2K1D3h7D1AJM6fzsWZrxdyRuLN0JH/dkZh1LNH8LxCnBzoPFCPbb2iGpg=="
    },
    "url-template": {
      "version": "2.0.8",
      "resolved": "https://registry.npmjs.org/url-template/-/url-template-2.0.8.tgz",
      "integrity": "sha1-/FZaPMy/93MMd19WQflVV5FDnyE="
    },
    "use-sync-external-store": {
      "version": "1.2.0",
      "resolved": "https://registry.npmjs.org/use-sync-external-store/-/use-sync-external-store-1.2.0.tgz",
      "integrity": "sha512-eEgnFxGQ1Ife9bzYs6VLi8/4X6CObHMw9Qr9tPY43iKwsPw8xE8+EFsf/2cFZ5S3esXgpWgtSCtLNS41F+sKPA=="
    },
    "uuid": {
      "version": "8.0.0",
      "resolved": "https://registry.npmjs.org/uuid/-/uuid-8.0.0.tgz",
      "integrity": "sha512-jOXGuXZAWdsTH7eZLtyXMqUb9EcWMGZNbL9YcGBJl4MH4nrxHmZJhEHvyLFrkxo+28uLb/NYRcStH48fnD0Vzw=="
    },
    "victory": {
      "version": "34.3.6",
      "resolved": "https://registry.npmjs.org/victory/-/victory-34.3.6.tgz",
      "integrity": "sha512-CosMN/Sja/fGg5QKQIad01JsOpM1/hEdZd91jJcXRlT47dTmfhbC5lNgLiEpLMkODKjx9sBv2h2Z9lC4aqv46w==",
      "requires": {
        "victory-area": "^34.3.6",
        "victory-axis": "^34.3.6",
        "victory-bar": "^34.3.6",
        "victory-box-plot": "^34.3.6",
        "victory-brush-container": "^34.3.6",
        "victory-brush-line": "^34.3.6",
        "victory-candlestick": "^34.3.6",
        "victory-chart": "^34.3.6",
        "victory-core": "^34.3.6",
        "victory-create-container": "^34.3.6",
        "victory-cursor-container": "^34.3.6",
        "victory-errorbar": "^34.3.6",
        "victory-group": "^34.3.6",
        "victory-histogram": "^34.3.6",
        "victory-legend": "^34.3.6",
        "victory-line": "^34.3.6",
        "victory-pie": "^34.3.6",
        "victory-polar-axis": "^34.3.6",
        "victory-scatter": "^34.3.6",
        "victory-selection-container": "^34.3.6",
        "victory-shared-events": "^34.3.6",
        "victory-stack": "^34.3.6",
        "victory-tooltip": "^34.3.6",
        "victory-voronoi": "^34.3.6",
        "victory-voronoi-container": "^34.3.6",
        "victory-zoom-container": "^34.3.6"
      }
    },
    "victory-area": {
      "version": "34.3.6",
      "resolved": "https://registry.npmjs.org/victory-area/-/victory-area-34.3.6.tgz",
      "integrity": "sha512-FJ03xElmr3zN1f4uN0MympCwhI9AVLJ3oGGBEjoRIcatGv0M/xE1N1kk2klQXLDNveyx5a6lGL6k1njvUrwRGg==",
      "requires": {
        "d3-shape": "^1.2.0",
        "lodash": "^4.17.15",
        "prop-types": "^15.5.8",
        "victory-core": "^34.3.6"
      }
    },
    "victory-axis": {
      "version": "34.3.6",
      "resolved": "https://registry.npmjs.org/victory-axis/-/victory-axis-34.3.6.tgz",
      "integrity": "sha512-GaLEdLWMbppSLUOQ6ykyl3s4MfMoz2ThAH8+muvl9v8bOsW9xwyIWfItiL0D+7tUAD84A6WtKwJdVwNrNh0LQQ==",
      "requires": {
        "lodash": "^4.17.15",
        "prop-types": "^15.5.8",
        "victory-core": "^34.3.6"
      }
    },
    "victory-bar": {
      "version": "34.3.6",
      "resolved": "https://registry.npmjs.org/victory-bar/-/victory-bar-34.3.6.tgz",
      "integrity": "sha512-fhElzZy8V28f0LRbg7peSVsIMXn5AfbUGDhEkNzdpWFbEPgSyP69HKm6iiOW7MMit5ou73K9Q0HFK4MGCeM2sw==",
      "requires": {
        "d3-shape": "^1.2.0",
        "lodash": "^4.17.15",
        "prop-types": "^15.5.8",
        "victory-core": "^34.3.6"
      }
    },
    "victory-box-plot": {
      "version": "34.3.6",
      "resolved": "https://registry.npmjs.org/victory-box-plot/-/victory-box-plot-34.3.6.tgz",
      "integrity": "sha512-pXKrmk0d7nZcTVE9Uif3DCWiSj9pe8PbtnD7qnIC+n8BDoiMo0wtZDP7qghS9U5MRXeffVX8+SPScYjkyk4fOw==",
      "requires": {
        "d3-array": "^1.2.0",
        "lodash": "^4.17.15",
        "prop-types": "^15.5.8",
        "victory-core": "^34.3.6"
      }
    },
    "victory-brush-container": {
      "version": "34.3.6",
      "resolved": "https://registry.npmjs.org/victory-brush-container/-/victory-brush-container-34.3.6.tgz",
      "integrity": "sha512-V2t3u8tsuKcN82DZuRzVdlbQuQ8XEPdRqw45bjTRHFvq9MZqF+Rx52akXzTJDU6pfvEvP06CZK++ZHOGyAAtcA==",
      "requires": {
        "lodash": "^4.17.15",
        "prop-types": "^15.5.8",
        "react-fast-compare": "^2.0.0",
        "victory-core": "^34.3.6"
      }
    },
    "victory-brush-line": {
      "version": "34.3.6",
      "resolved": "https://registry.npmjs.org/victory-brush-line/-/victory-brush-line-34.3.6.tgz",
      "integrity": "sha512-7F89lbpvwc15QQryg+QCAqNdiYXF/PL8/iTG/a7xv2x/MeY0GKU/DTefKsLKvpFBdBW2m2s3OE3T0m1XmBOw0Q==",
      "requires": {
        "lodash": "^4.17.15",
        "prop-types": "^15.5.8",
        "react-fast-compare": "^2.0.0",
        "victory-core": "^34.3.6"
      }
    },
    "victory-candlestick": {
      "version": "34.3.6",
      "resolved": "https://registry.npmjs.org/victory-candlestick/-/victory-candlestick-34.3.6.tgz",
      "integrity": "sha512-tzKL+zcIe4HEmbMrd3ZPXk/jcDF7Ejm8yZeHKhZEAbHMByGowTat7cPUDfCEQlRb5wa87bsFrxDJefiu8W0Npg==",
      "requires": {
        "lodash": "^4.17.15",
        "prop-types": "^15.5.8",
        "victory-core": "^34.3.6"
      }
    },
    "victory-chart": {
      "version": "34.3.6",
      "resolved": "https://registry.npmjs.org/victory-chart/-/victory-chart-34.3.6.tgz",
      "integrity": "sha512-6Ti8C7ahqwOqVbhiD2bMIOJD4RsP04irXXwpFkY1yRBC4L4GpVAhWL1eVe6FR98qFUp+Zsvzu1Uvr6KRfCVTEg==",
      "requires": {
        "lodash": "^4.17.15",
        "prop-types": "^15.5.8",
        "react-fast-compare": "^2.0.0",
        "victory-axis": "^34.3.6",
        "victory-core": "^34.3.6",
        "victory-polar-axis": "^34.3.6",
        "victory-shared-events": "^34.3.6"
      }
    },
    "victory-core": {
      "version": "34.3.6",
      "resolved": "https://registry.npmjs.org/victory-core/-/victory-core-34.3.6.tgz",
      "integrity": "sha512-DoUjHdHym0v4z85VFpJFjZ6E5/4VI8aSOouDsD7SjHRVsc5vHdl8mU9/HqERm01h11+hNL4fyNSdPyWKfWPO8g==",
      "requires": {
        "d3-ease": "^1.0.0",
        "d3-interpolate": "^1.1.1",
        "d3-scale": "^1.0.0",
        "d3-shape": "^1.2.0",
        "d3-timer": "^1.0.0",
        "lodash": "^4.17.15",
        "prop-types": "^15.5.8",
        "react-fast-compare": "^2.0.0"
      }
    },
    "victory-create-container": {
      "version": "34.3.6",
      "resolved": "https://registry.npmjs.org/victory-create-container/-/victory-create-container-34.3.6.tgz",
      "integrity": "sha512-HUVqaRAlX4ldVKcwfEbNqmlttCD234hN5MrfuemnjTp7D/Xp1DR5sj/d/2R6ceLqMnOeacF9kZky/tcqZSaD9A==",
      "requires": {
        "lodash": "^4.17.15",
        "victory-brush-container": "^34.3.6",
        "victory-core": "^34.3.6",
        "victory-cursor-container": "^34.3.6",
        "victory-selection-container": "^34.3.6",
        "victory-voronoi-container": "^34.3.6",
        "victory-zoom-container": "^34.3.6"
      }
    },
    "victory-cursor-container": {
      "version": "34.3.6",
      "resolved": "https://registry.npmjs.org/victory-cursor-container/-/victory-cursor-container-34.3.6.tgz",
      "integrity": "sha512-3zYWaQZ6MeSdVte0GilrBE5ekg6j533VhywIvNgcK4qZKSC5SOtRaFSGkBUJ2BgmPR87iPLcBSqZpOtZbK7IKQ==",
      "requires": {
        "lodash": "^4.17.15",
        "prop-types": "^15.5.8",
        "victory-core": "^34.3.6"
      }
    },
    "victory-errorbar": {
      "version": "34.3.6",
      "resolved": "https://registry.npmjs.org/victory-errorbar/-/victory-errorbar-34.3.6.tgz",
      "integrity": "sha512-yokSmPPlN5Drmf8r4lhXuvGR06z0oP+xPVuJIqHO0JV5h4eE1y+TdvEv60qdbgbYYzZAC0OtPurHAf02BybZPg==",
      "requires": {
        "lodash": "^4.17.15",
        "prop-types": "^15.5.8",
        "victory-core": "^34.3.6"
      }
    },
    "victory-group": {
      "version": "34.3.6",
      "resolved": "https://registry.npmjs.org/victory-group/-/victory-group-34.3.6.tgz",
      "integrity": "sha512-CYtUtZSlxhkSAdig/Y4amCSvDXUuBaw7R4EzYO1gwGdnt8NOyS/nj5dPYdIm7GJ1Bxy/jQC0i+g3Gszq5P0vSQ==",
      "requires": {
        "lodash": "^4.17.15",
        "prop-types": "^15.5.8",
        "react-fast-compare": "^2.0.0",
        "victory-core": "^34.3.6",
        "victory-shared-events": "^34.3.6"
      }
    },
    "victory-histogram": {
      "version": "34.3.6",
      "resolved": "https://registry.npmjs.org/victory-histogram/-/victory-histogram-34.3.6.tgz",
      "integrity": "sha512-q4c/Y/zcosSxg41n1J9YYMaJSl/79ih6tDqyqNl1xOs4kVRLxAPBED7qXRhP4+I61CpzK6kLdGTd3iArc5msnQ==",
      "requires": {
        "d3-array": "^2.4.0",
        "d3-scale": "^1.0.0",
        "lodash": "^4.17.15",
        "prop-types": "^15.5.8",
        "react-fast-compare": "^2.0.0",
        "victory-bar": "^34.3.6",
        "victory-core": "^34.3.6"
      },
      "dependencies": {
        "d3-array": {
          "version": "2.4.0",
          "resolved": "https://registry.npmjs.org/d3-array/-/d3-array-2.4.0.tgz",
          "integrity": "sha512-KQ41bAF2BMakf/HdKT865ALd4cgND6VcIztVQZUTt0+BH3RWy6ZYnHghVXf6NFjt2ritLr8H1T8LreAAlfiNcw=="
        }
      }
    },
    "victory-legend": {
      "version": "34.3.6",
      "resolved": "https://registry.npmjs.org/victory-legend/-/victory-legend-34.3.6.tgz",
      "integrity": "sha512-QrD96+BBF16n6uPxZNFFKKL0gJW+ASdHywx+12Pei/BfEFSZPOVBvxnJaJP6TXiEN74ISKU7E5N8Z0Tcz/yz3A==",
      "requires": {
        "lodash": "^4.17.15",
        "prop-types": "^15.5.8",
        "victory-core": "^34.3.6"
      }
    },
    "victory-line": {
      "version": "34.3.6",
      "resolved": "https://registry.npmjs.org/victory-line/-/victory-line-34.3.6.tgz",
      "integrity": "sha512-XQkpq8oBkSKj9wGhUQ8j5pJ8EAmrLKl/31WyPgycpaI1lD/N34YxqrkRY98SkSPbuFs3rnfarAQo1gaRH2vZ7Q==",
      "requires": {
        "d3-shape": "^1.2.0",
        "lodash": "^4.17.15",
        "prop-types": "^15.5.8",
        "victory-core": "^34.3.6"
      }
    },
    "victory-pie": {
      "version": "34.3.6",
      "resolved": "https://registry.npmjs.org/victory-pie/-/victory-pie-34.3.6.tgz",
      "integrity": "sha512-XW7v2yqZuFgZ/NL9+UCwALe+vVEEtii83SYwjVQWxYyYByfqVSVIF+1/z7bhUCqA8H68+WO9CgSZ4EbO8BEVxg==",
      "requires": {
        "d3-shape": "^1.0.0",
        "lodash": "^4.17.15",
        "prop-types": "^15.5.8",
        "victory-core": "^34.3.6"
      }
    },
    "victory-polar-axis": {
      "version": "34.3.6",
      "resolved": "https://registry.npmjs.org/victory-polar-axis/-/victory-polar-axis-34.3.6.tgz",
      "integrity": "sha512-QIZq3m9MpkNW0MTHxXRT62cExmpgYwbZre4t13AqmWgYjIUC8IWp9s3XelcDb4jq8TCBs/SuIbKtybaB2PrWkw==",
      "requires": {
        "lodash": "^4.17.15",
        "prop-types": "^15.5.8",
        "victory-core": "^34.3.6"
      }
    },
    "victory-scatter": {
      "version": "34.3.6",
      "resolved": "https://registry.npmjs.org/victory-scatter/-/victory-scatter-34.3.6.tgz",
      "integrity": "sha512-PFeDaccsc4jgP2pCMb1O4FfrsZCRMSlvfPnNo459X7jcT9k+m/EWxxRFuOvscOqo3wrEBl4ekI2uevbHHD4tOA==",
      "requires": {
        "lodash": "^4.17.15",
        "prop-types": "^15.5.8",
        "victory-core": "^34.3.6"
      }
    },
    "victory-selection-container": {
      "version": "34.3.6",
      "resolved": "https://registry.npmjs.org/victory-selection-container/-/victory-selection-container-34.3.6.tgz",
      "integrity": "sha512-B18/qw9myzpLvKDlGECbiD+FxLLkIIa+GPihbwiy4Z5Nfuy+G1sw2QPkarqWBmtjBjej4cC03vViFMmllRiwow==",
      "requires": {
        "lodash": "^4.17.15",
        "prop-types": "^15.5.8",
        "victory-core": "^34.3.6"
      }
    },
    "victory-shared-events": {
      "version": "34.3.6",
      "resolved": "https://registry.npmjs.org/victory-shared-events/-/victory-shared-events-34.3.6.tgz",
      "integrity": "sha512-qj3ECYNrtO30vO1OgGXMDRn7yMuIGJ/GR2nJADNNS5yhe5YQlfseMXWx+S+uBhYh7lzQRPfkUt/GbUVaCiFRcw==",
      "requires": {
        "lodash": "^4.17.15",
        "prop-types": "^15.5.8",
        "react-fast-compare": "^2.0.0",
        "victory-core": "^34.3.6"
      }
    },
    "victory-stack": {
      "version": "34.3.6",
      "resolved": "https://registry.npmjs.org/victory-stack/-/victory-stack-34.3.6.tgz",
      "integrity": "sha512-rUVLtVJrlNpP23Gq29gQhpe3NeWBBZyQfFqAdC0X2y5NklSZzpEhJ4UfHEh8y0DZBIebLv2mhqahLPN6CjKhmQ==",
      "requires": {
        "lodash": "^4.17.15",
        "prop-types": "^15.5.8",
        "react-fast-compare": "^2.0.0",
        "victory-core": "^34.3.6",
        "victory-shared-events": "^34.3.6"
      }
    },
    "victory-tooltip": {
      "version": "34.3.6",
      "resolved": "https://registry.npmjs.org/victory-tooltip/-/victory-tooltip-34.3.6.tgz",
      "integrity": "sha512-BOM4ucgjadO6LzkoGmMX2FY1AKDaZ2HYpSoHXTD6ILx7Yp434Oxq63tLESwNtCGG178WKq2d+t4+p6gNXwYRUw==",
      "requires": {
        "lodash": "^4.17.15",
        "prop-types": "^15.5.8",
        "victory-core": "^34.3.6"
      }
    },
    "victory-voronoi": {
      "version": "34.3.6",
      "resolved": "https://registry.npmjs.org/victory-voronoi/-/victory-voronoi-34.3.6.tgz",
      "integrity": "sha512-+qxG+4/ZslsoRf3yWL1P6x5eqxtq1TKTEqW7Aznj/q4mdeZ9gXYABoy9XmV91ZzBrqtm5B1PbjXmd0dVpLHLsA==",
      "requires": {
        "d3-voronoi": "^1.1.2",
        "lodash": "^4.17.15",
        "prop-types": "^15.5.8",
        "victory-core": "^34.3.6"
      }
    },
    "victory-voronoi-container": {
      "version": "34.3.6",
      "resolved": "https://registry.npmjs.org/victory-voronoi-container/-/victory-voronoi-container-34.3.6.tgz",
      "integrity": "sha512-W5uBCv0nA/JY8Zl2QPnGfe9J18qB6d6YEInMfkf9wACg9DEBoKJbd9knnaC74TSnHgtK6RJgy1sZKKg5qCKXPQ==",
      "requires": {
        "delaunay-find": "0.0.5",
        "lodash": "^4.17.15",
        "prop-types": "^15.5.8",
        "react-fast-compare": "^2.0.0",
        "victory-core": "^34.3.6",
        "victory-tooltip": "^34.3.6"
      }
    },
    "victory-zoom-container": {
      "version": "34.3.6",
      "resolved": "https://registry.npmjs.org/victory-zoom-container/-/victory-zoom-container-34.3.6.tgz",
      "integrity": "sha512-NSlrvJGVPHQEihBFM8GKIZG/YZ06Hqabc8tZB/03asjmlHVbaXcZTPVWjvtl43e0weBdXd9GjAVJlK+9RLYczA==",
      "requires": {
        "lodash": "^4.17.15",
        "prop-types": "^15.5.8",
        "victory-core": "^34.3.6"
      }
    },
    "yallist": {
      "version": "3.1.1",
      "resolved": "https://registry.npmjs.org/yallist/-/yallist-3.1.1.tgz",
      "integrity": "sha512-a4UGQaWPH59mOXUYnAG2ewncQS4i4F43Tv3JoAM+s2VDAmS9NsK8GpDMLrCHPksFT7h3K6TOoUNn2pb7RoXx4g=="
    }
  }
}
